github.com/jakehl/goid v1.1.0 h1:c08GO8z16wWJtfQhyiD8BQRFkpf1oDxaPmA+uYAG+50=
github.com/jakehl/goid v1.1.0/go.mod h1:V6bQh+tr2Oay5WHL0jmTTJWrABYIO+cs4/P6e1prV1o=
github.com/wonderivan/logger v1.0.0 h1:Z6Nz+3SNcizolx3ARH11axdD4DXjFpb2J+ziGUVlv/U=
github.com/wonderivan/logger v1.0.0/go.mod h1:NObMfQ3WOLKfYEZuGeZQfuQfSPE5+QNgRddVMzsAT/k=
